
Microsoft Visual Studio Solution File, Format Version 12.00
# Visual Studio 15
VisualStudioVersion = 15.0.27130.2010
MinimumVisualStudioVersion = 10.0.40219.1
Project("{8BC9CEB8-8B4A-11D0-8D11-00A0C91BC942}") = "ProductInventory", "ProductInventory\ProductInventory.vcxproj", "{24E5EE5C-4466-471B-BD64-9C26046D793B}"
EndProject
Global
	GlobalSection(SolutionConfigurationPlatforms) = preSolution
		Debug|x64 = Debug|x64
		Debug|x86 = Debug|x86
		Release|x64 = Release|x64
		Release|x86 = Release|x86
	EndGlobalSection
	GlobalSection(ProjectConfigurationPlatforms) = postSolution
		{24E5EE5C-4466-471B-BD64-9C26046D793B}.Debug|x64.ActiveCfg = Debug|x64
		{24E5EE5C-4466-471B-BD64-9C26046D793B}.Debug|x64.Build.0 = Debug|x64
		{24E5EE5C-4466-471B-BD64-9C26046D793B}.Debug|x86.ActiveCfg = Debug|Win32
		{24E5EE5C-4466-471B-BD64-9C26046D793B}.Debug|x86.Build.0 = Debug|Win32
		{24E5EE5C-4466-471B-BD64-9C26046D793B}.Release|x64.ActiveCfg = Release|x64
		{24E5EE5C-4466-471B-BD64-9C26046D793B}.Release|x64.Build.0 = Release|x64
		{24E5EE5C-4466-471B-BD64-9C26046D793B}.Release|x86.ActiveCfg = Release|Win32
		{24E5EE5C-4466-471B-BD64-9C26046D793B}.Release|x86.Build.0 = Release|Win32
	EndGlobalSection
	GlobalSection(SolutionProperties) = preSolution
		HideSolutionNode = FALSE
	EndGlobalSection
	GlobalSection(ExtensibilityGlobals) = postSolution
		SolutionGuid = {A81A832E-CD0B-480D-9258-B3F923501161}
	EndGlobalSection
EndGlobal
